<?xml version="1.0" encoding="utf-8"?>
<Project ToolsVersion="4.0" xmlns="http://schemas.microsoft.com/developer/msbuild/2003">
  <ItemGroup>
    <Filter Include="소스 파일">
      <UniqueIdentifier>{4FC737F1-C7A5-4376-A066-2A32D752A2FF}</UniqueIdentifier>
      <Extensions>cpp;c;cc;cxx;def;odl;idl;hpj;bat;asm;asmx</Extensions>
    </Filter>
    <Filter Include="헤더 파일">
      <UniqueIdentifier>{93995380-89BD-4b04-88EB-625FBE52EBFB}</UniqueIdentifier>
      <Extensions>h;hh;hpp;hxx;hm;inl;inc;xsd</Extensions>
    </Filter>
    <Filter Include="리소스 파일">
      <UniqueIdentifier>{67DA6AB6-F800-4c08-8B7A-83BB121AAD01}</UniqueIdentifier>
      <Extensions>rc;ico;cur;bmp;dlg;rc2;rct;bin;rgs;gif;jpg;jpeg;jpe;resx;tiff;tif;png;wav;mfcribbon-ms</Extensions>
    </Filter>
    <Filter Include="소스 파일\List">
      <UniqueIdentifier>{b4cd6ac1-7736-4247-8622-cc32a14fe10e}</UniqueIdentifier>
    </Filter>
    <Filter Include="헤더 파일\List">
      <UniqueIdentifier>{b6eeacb3-b9b0-4322-b5e1-2d0db0f3d4bf}</UniqueIdentifier>
    </Filter>
    <Filter Include="헤더 파일\Stack, Queue">
      <UniqueIdentifier>{2c54cab9-8011-4f15-bf80-d394d3322c80}</UniqueIdentifier>
    </Filter>
    <Filter Include="소스 파일\Stack, Queue">
      <UniqueIdentifier>{3d27ff11-639d-4ca1-b12f-2af3d215f55d}</UniqueIdentifier>
    </Filter>
    <Filter Include="소스 파일\Set">
      <UniqueIdentifier>{ea27ab1c-68c8-4841-874c-d2beede91722}</UniqueIdentifier>
    </Filter>
    <Filter Include="헤더 파일\Set">
      <UniqueIdentifier>{138247fc-548b-4e78-97e6-8349630c410a}</UniqueIdentifier>
    </Filter>
    <Filter Include="헤더 파일\Hash">
      <UniqueIdentifier>{580644e7-3660-45e4-8cdc-035a6d96ef76}</UniqueIdentifier>
    </Filter>
    <Filter Include="소스 파일\Hash">
      <UniqueIdentifier>{d64cdb89-8616-4845-b6cf-677967238c65}</UniqueIdentifier>
    </Filter>
    <Filter Include="헤더 파일\Tree">
      <UniqueIdentifier>{144a6492-5cb6-4743-90c7-d7249c2a7d8f}</UniqueIdentifier>
    </Filter>
    <Filter Include="소스 파일\Tree">
      <UniqueIdentifier>{3785e6e0-0c95-46e5-bb3a-41777f1e4016}</UniqueIdentifier>
    </Filter>
    <Filter Include="소스 파일\Heap, Priority Queue">
      <UniqueIdentifier>{d850603a-1ff5-485a-ad22-6d30a4696cc0}</UniqueIdentifier>
    </Filter>
    <Filter Include="헤더 파일\Heap. Priority Queue">
      <UniqueIdentifier>{a672138a-fa73-4921-90da-4bf12ea0e1fc}</UniqueIdentifier>
    </Filter>
    <Filter Include="헤더 파일\Graph">
      <UniqueIdentifier>{41c5c186-7073-4c85-b36a-c48cd0c55a86}</UniqueIdentifier>
    </Filter>
    <Filter Include="소스 파일\Graph">
      <UniqueIdentifier>{3fb67bec-aa0a-4371-a7fd-842586809e1a}</UniqueIdentifier>
    </Filter>
  </ItemGroup>
  <ItemGroup>
    <ClInclude Include="5_Linked_List\clist.h">
      <Filter>헤더 파일\List</Filter>
    </ClInclude>
    <ClInclude Include="5_Linked_List\dlist.h">
      <Filter>헤더 파일\List</Filter>
    </ClInclude>
    <ClInclude Include="5_Linked_List\list.h">
      <Filter>헤더 파일\List</Filter>
    </ClInclude>
    <ClInclude Include="6_Stack_Queue\stack.h">
      <Filter>헤더 파일\Stack, Queue</Filter>
    </ClInclude>
    <ClInclude Include="6_Stack_Queue\queue.h">
      <Filter>헤더 파일\Stack, Queue</Filter>
    </ClInclude>
    <ClInclude Include="7_Sets\set.h">
      <Filter>헤더 파일\Set</Filter>
    </ClInclude>
    <ClInclude Include="8_Hash\chtbl.h">
      <Filter>헤더 파일\Hash</Filter>
    </ClInclude>
    <ClInclude Include="8_Hash\ohtbl.h">
      <Filter>헤더 파일\Hash</Filter>
    </ClInclude>
    <ClInclude Include="9_Tree\bitree.h">
      <Filter>헤더 파일\Tree</Filter>
    </ClInclude>
    <ClInclude Include="9_Tree\traverse.h">
      <Filter>헤더 파일\Tree</Filter>
    </ClInclude>
    <ClInclude Include="9_Tree\bisearchtree.h">
      <Filter>헤더 파일\Tree</Filter>
    </ClInclude>
    <ClInclude Include="A_Heap, Priority Queue\heap.h">
      <Filter>헤더 파일\Heap. Priority Queue</Filter>
    </ClInclude>
    <ClInclude Include="A_Heap, Priority Queue\pqueue.h">
      <Filter>헤더 파일\Heap. Priority Queue</Filter>
    </ClInclude>
    <ClInclude Include="B_Graph\graph.h">
      <Filter>헤더 파일\Graph</Filter>
    </ClInclude>
    <ClInclude Include="B_Graph\bfs.h">
      <Filter>헤더 파일\Graph</Filter>
    </ClInclude>
    <ClInclude Include="B_Graph\dfs.h">
      <Filter>헤더 파일\Graph</Filter>
    </ClInclude>
  </ItemGroup>
  <ItemGroup>
    <ClCompile Include="5_Linked_List\clist.c">
      <Filter>소스 파일\List</Filter>
    </ClCompile>
    <ClCompile Include="5_Linked_List\dlist.c">
      <Filter>소스 파일\List</Filter>
    </ClCompile>
    <ClCompile Include="5_Linked_List\list.c">
      <Filter>소스 파일\List</Filter>
    </ClCompile>
    <ClCompile Include="6_Stack_Queue\stack.c">
      <Filter>소스 파일\Stack, Queue</Filter>
    </ClCompile>
    <ClCompile Include="6_Stack_Queue\queue.c">
      <Filter>소스 파일\Stack, Queue</Filter>
    </ClCompile>
    <ClCompile Include="7_Sets\set.c">
      <Filter>소스 파일\Set</Filter>
    </ClCompile>
    <ClCompile Include="8_Hash\chtbl.c">
      <Filter>소스 파일\Hash</Filter>
    </ClCompile>
    <ClCompile Include="8_Hash\ohtbl.c">
      <Filter>소스 파일\Hash</Filter>
    </ClCompile>
    <ClCompile Include="9_Tree\bitree.c">
      <Filter>소스 파일\Tree</Filter>
    </ClCompile>
    <ClCompile Include="9_Tree\traverse.c">
      <Filter>소스 파일\Tree</Filter>
    </ClCompile>
    <ClCompile Include="9_Tree\bisearchtree.c">
      <Filter>소스 파일\Tree</Filter>
    </ClCompile>
    <ClCompile Include="A_Heap, Priority Queue\heap.c">
      <Filter>소스 파일\Heap, Priority Queue</Filter>
    </ClCompile>
    <ClCompile Include="B_Graph\graph.c">
      <Filter>소스 파일\Graph</Filter>
    </ClCompile>
    <ClCompile Include="B_Graph\bfs.c">
      <Filter>소스 파일\Graph</Filter>
    </ClCompile>
    <ClCompile Include="B_Graph\dfs.c">
      <Filter>소스 파일\Graph</Filter>
    </ClCompile>
  </ItemGroup>
</Project>