<?xml version="1.0" encoding="utf-8"?>
<Project ToolsVersion="4.0" xmlns="http://schemas.microsoft.com/developer/msbuild/2003">
  <ItemGroup>
    <Filter Include="DataStructure">
      <UniqueIdentifier>{4faee160-11f9-491a-a17a-7aa1a7e9adc0}</UniqueIdentifier>
    </Filter>
    <Filter Include="DataStructure\Graph">
      <UniqueIdentifier>{3fb67bec-aa0a-4371-a7fd-842586809e1a}</UniqueIdentifier>
    </Filter>
    <Filter Include="DataStructure\Hash">
      <UniqueIdentifier>{d64cdb89-8616-4845-b6cf-677967238c65}</UniqueIdentifier>
    </Filter>
    <Filter Include="DataStructure\List">
      <UniqueIdentifier>{b4cd6ac1-7736-4247-8622-cc32a14fe10e}</UniqueIdentifier>
    </Filter>
    <Filter Include="DataStructure\Heap, Priority Queue">
      <UniqueIdentifier>{d850603a-1ff5-485a-ad22-6d30a4696cc0}</UniqueIdentifier>
    </Filter>
    <Filter Include="DataStructure\Set">
      <UniqueIdentifier>{ea27ab1c-68c8-4841-874c-d2beede91722}</UniqueIdentifier>
    </Filter>
    <Filter Include="DataStructure\Sort, Search">
      <UniqueIdentifier>{ccb36639-e194-48b5-b8e6-1846967e9a9e}</UniqueIdentifier>
    </Filter>
    <Filter Include="DataStructure\Stack, Queue">
      <UniqueIdentifier>{3d27ff11-639d-4ca1-b12f-2af3d215f55d}</UniqueIdentifier>
    </Filter>
    <Filter Include="DataStructure\Tree">
      <UniqueIdentifier>{3785e6e0-0c95-46e5-bb3a-41777f1e4016}</UniqueIdentifier>
    </Filter>
    <Filter Include="DataStructure\Graph\source">
      <UniqueIdentifier>{5ed33382-8365-424e-a7d1-84cae36f285c}</UniqueIdentifier>
    </Filter>
    <Filter Include="DataStructure\Graph\header">
      <UniqueIdentifier>{e0365cf5-a58a-4caa-8b7b-7b4852e531e6}</UniqueIdentifier>
    </Filter>
    <Filter Include="DataStructure\Hash\source">
      <UniqueIdentifier>{ef50fcec-5251-43c5-8de7-51a37632c193}</UniqueIdentifier>
    </Filter>
    <Filter Include="DataStructure\Heap, Priority Queue\source">
      <UniqueIdentifier>{6cd0d21b-5ccb-4917-b787-91799acdd782}</UniqueIdentifier>
    </Filter>
    <Filter Include="DataStructure\List\source">
      <UniqueIdentifier>{61d8e16c-1cca-4276-8145-b8c52ea70bd3}</UniqueIdentifier>
    </Filter>
    <Filter Include="DataStructure\Set\source">
      <UniqueIdentifier>{0ae0024d-ec57-4d67-9d62-7ef9900531ed}</UniqueIdentifier>
    </Filter>
    <Filter Include="DataStructure\Sort, Search\source">
      <UniqueIdentifier>{2cfcac23-2783-4da0-8695-3dd836d8109d}</UniqueIdentifier>
    </Filter>
    <Filter Include="DataStructure\Stack, Queue\source">
      <UniqueIdentifier>{5632241c-c5a3-410d-bc68-f9f1a79a7e8b}</UniqueIdentifier>
    </Filter>
    <Filter Include="DataStructure\Tree\source">
      <UniqueIdentifier>{4317451b-77ff-411f-88cc-8bf73f5bb4e7}</UniqueIdentifier>
    </Filter>
    <Filter Include="DataStructure\Hash\header">
      <UniqueIdentifier>{6aa331af-2e72-4672-9111-e033a03db309}</UniqueIdentifier>
    </Filter>
    <Filter Include="DataStructure\Heap, Priority Queue\header">
      <UniqueIdentifier>{fb12e597-64ba-4c08-b8c0-fd496faae90e}</UniqueIdentifier>
    </Filter>
    <Filter Include="DataStructure\List\header">
      <UniqueIdentifier>{d9a4c5f3-b866-4649-a376-244babfb984b}</UniqueIdentifier>
    </Filter>
    <Filter Include="DataStructure\Set\header">
      <UniqueIdentifier>{dd1a1eb0-7b5c-4401-8fd9-85b7b8b2c21d}</UniqueIdentifier>
    </Filter>
    <Filter Include="DataStructure\Sort, Search\header">
      <UniqueIdentifier>{1630c65a-6080-40b4-8bc7-75fdc71cf6db}</UniqueIdentifier>
    </Filter>
    <Filter Include="DataStructure\Stack, Queue\header">
      <UniqueIdentifier>{45bacc74-58e5-4a85-bf10-f236851af54c}</UniqueIdentifier>
    </Filter>
    <Filter Include="DataStructure\Tree\header">
      <UniqueIdentifier>{2891745d-41e2-43a5-85d6-d0604acf405c}</UniqueIdentifier>
    </Filter>
    <Filter Include="Algorithm">
      <UniqueIdentifier>{09a90831-8f95-4674-ad62-7e90502ee1b0}</UniqueIdentifier>
    </Filter>
    <Filter Include="Algorithm\Graph">
      <UniqueIdentifier>{1f2ab892-2bc5-4a3d-9b4b-af90d9bb2b28}</UniqueIdentifier>
    </Filter>
    <Filter Include="Algorithm\Graph\header">
      <UniqueIdentifier>{dd7d2078-fe63-4293-8dd9-782dd18acacc}</UniqueIdentifier>
    </Filter>
    <Filter Include="Algorithm\Graph\source">
      <UniqueIdentifier>{e1450bbd-23bc-4b92-b32e-c3bcc8a26460}</UniqueIdentifier>
    </Filter>
  </ItemGroup>
  <ItemGroup>
    <ClInclude Include="DataStructure\Graph\bfs.h">
      <Filter>DataStructure\Graph\header</Filter>
    </ClInclude>
    <ClInclude Include="DataStructure\Graph\dfs.h">
      <Filter>DataStructure\Graph\header</Filter>
    </ClInclude>
    <ClInclude Include="DataStructure\Graph\graph.h">
      <Filter>DataStructure\Graph\header</Filter>
    </ClInclude>
    <ClInclude Include="DataStructure\Hash\chtbl.h">
      <Filter>DataStructure\Hash\header</Filter>
    </ClInclude>
    <ClInclude Include="DataStructure\Hash\ohtbl.h">
      <Filter>DataStructure\Hash\header</Filter>
    </ClInclude>
    <ClInclude Include="DataStructure\Heap, Priority Queue\heap.h">
      <Filter>DataStructure\Heap, Priority Queue\header</Filter>
    </ClInclude>
    <ClInclude Include="DataStructure\Heap, Priority Queue\pqueue.h">
      <Filter>DataStructure\Heap, Priority Queue\header</Filter>
    </ClInclude>
    <ClInclude Include="DataStructure\List\clist.h">
      <Filter>DataStructure\List\header</Filter>
    </ClInclude>
    <ClInclude Include="DataStructure\List\dlist.h">
      <Filter>DataStructure\List\header</Filter>
    </ClInclude>
    <ClInclude Include="DataStructure\List\list.h">
      <Filter>DataStructure\List\header</Filter>
    </ClInclude>
    <ClInclude Include="DataStructure\Sets\set.h">
      <Filter>DataStructure\Set\header</Filter>
    </ClInclude>
    <ClInclude Include="DataStructure\Sort, Search\search.h">
      <Filter>DataStructure\Sort, Search\header</Filter>
    </ClInclude>
    <ClInclude Include="DataStructure\Sort, Search\sort.h">
      <Filter>DataStructure\Sort, Search\header</Filter>
    </ClInclude>
    <ClInclude Include="DataStructure\Stack, Queue\stack.h">
      <Filter>DataStructure\Stack, Queue\header</Filter>
    </ClInclude>
    <ClInclude Include="DataStructure\Stack, Queue\queue.h">
      <Filter>DataStructure\Stack, Queue\header</Filter>
    </ClInclude>
    <ClInclude Include="DataStructure\Tree\bisearchtree.h">
      <Filter>DataStructure\Tree\header</Filter>
    </ClInclude>
    <ClInclude Include="DataStructure\Tree\bitree.h">
      <Filter>DataStructure\Tree\header</Filter>
    </ClInclude>
    <ClInclude Include="DataStructure\Tree\traverse.h">
      <Filter>DataStructure\Tree\header</Filter>
    </ClInclude>
    <ClInclude Include="Algorithm\Graph\graphalgo.h">
      <Filter>Algorithm\Graph\header</Filter>
    </ClInclude>
  </ItemGroup>
  <ItemGroup>
    <ClCompile Include="DataStructure\Graph\bfs.c">
      <Filter>DataStructure\Graph\source</Filter>
    </ClCompile>
    <ClCompile Include="DataStructure\Graph\dfs.c">
      <Filter>DataStructure\Graph\source</Filter>
    </ClCompile>
    <ClCompile Include="DataStructure\Graph\graph.c">
      <Filter>DataStructure\Graph\source</Filter>
    </ClCompile>
    <ClCompile Include="DataStructure\Hash\chtbl.c">
      <Filter>DataStructure\Hash\source</Filter>
    </ClCompile>
    <ClCompile Include="DataStructure\Hash\ohtbl.c">
      <Filter>DataStructure\Hash\source</Filter>
    </ClCompile>
    <ClCompile Include="DataStructure\Heap, Priority Queue\heap.c">
      <Filter>DataStructure\Heap, Priority Queue\source</Filter>
    </ClCompile>
    <ClCompile Include="DataStructure\List\clist.c">
      <Filter>DataStructure\List\source</Filter>
    </ClCompile>
    <ClCompile Include="DataStructure\List\dlist.c">
      <Filter>DataStructure\List\source</Filter>
    </ClCompile>
    <ClCompile Include="DataStructure\List\list.c">
      <Filter>DataStructure\List\source</Filter>
    </ClCompile>
    <ClCompile Include="DataStructure\Sets\set.c">
      <Filter>DataStructure\Set\source</Filter>
    </ClCompile>
    <ClCompile Include="DataStructure\Sort, Search\searchbinary.c">
      <Filter>DataStructure\Sort, Search\source</Filter>
    </ClCompile>
    <ClCompile Include="DataStructure\Sort, Search\sortcount.c">
      <Filter>DataStructure\Sort, Search\source</Filter>
    </ClCompile>
    <ClCompile Include="DataStructure\Sort, Search\sortinsert.c">
      <Filter>DataStructure\Sort, Search\source</Filter>
    </ClCompile>
    <ClCompile Include="DataStructure\Sort, Search\sortmerge.c">
      <Filter>DataStructure\Sort, Search\source</Filter>
    </ClCompile>
    <ClCompile Include="DataStructure\Sort, Search\sortquick.c">
      <Filter>DataStructure\Sort, Search\source</Filter>
    </ClCompile>
    <ClCompile Include="DataStructure\Sort, Search\sortradix.c">
      <Filter>DataStructure\Sort, Search\source</Filter>
    </ClCompile>
    <ClCompile Include="DataStructure\Stack, Queue\queue.c">
      <Filter>DataStructure\Stack, Queue\source</Filter>
    </ClCompile>
    <ClCompile Include="DataStructure\Stack, Queue\stack.c">
      <Filter>DataStructure\Stack, Queue\source</Filter>
    </ClCompile>
    <ClCompile Include="DataStructure\Tree\bisearchtree.c">
      <Filter>DataStructure\Tree\source</Filter>
    </ClCompile>
    <ClCompile Include="DataStructure\Tree\bitree.c">
      <Filter>DataStructure\Tree\source</Filter>
    </ClCompile>
    <ClCompile Include="DataStructure\Tree\traverse.c">
      <Filter>DataStructure\Tree\source</Filter>
    </ClCompile>
    <ClCompile Include="Algorithm\Graph\mst.c">
      <Filter>Algorithm\Graph\source</Filter>
    </ClCompile>
  </ItemGroup>
</Project>