<?xml version="1.0" encoding="utf-8"?>
<Project ToolsVersion="4.0" xmlns="http://schemas.microsoft.com/developer/msbuild/2003">
  <ItemGroup>
    <Filter Include="소스 파일">
      <UniqueIdentifier>{4FC737F1-C7A5-4376-A066-2A32D752A2FF}</UniqueIdentifier>
      <Extensions>cpp;c;cc;cxx;def;odl;idl;hpj;bat;asm;asmx</Extensions>
    </Filter>
    <Filter Include="헤더 파일">
      <UniqueIdentifier>{93995380-89BD-4b04-88EB-625FBE52EBFB}</UniqueIdentifier>
      <Extensions>h;hh;hpp;hxx;hm;inl;inc;xsd</Extensions>
    </Filter>
    <Filter Include="리소스 파일">
      <UniqueIdentifier>{67DA6AB6-F800-4c08-8B7A-83BB121AAD01}</UniqueIdentifier>
      <Extensions>rc;ico;cur;bmp;dlg;rc2;rct;bin;rgs;gif;jpg;jpeg;jpe;resx;tiff;tif;png;wav;mfcribbon-ms</Extensions>
    </Filter>
    <Filter Include="소스 파일\11000-12000">
      <UniqueIdentifier>{726666b5-534e-416e-84de-2d2e879c7eb0}</UniqueIdentifier>
    </Filter>
    <Filter Include="소스 파일\02000-03000">
      <UniqueIdentifier>{2edb2a2b-deb3-4013-ae1d-cdc0dafb5761}</UniqueIdentifier>
    </Filter>
    <Filter Include="소스 파일\01000-02000">
      <UniqueIdentifier>{fc5ee056-75c4-4ee1-8e8c-ecd572414796}</UniqueIdentifier>
    </Filter>
    <Filter Include="소스 파일\09000-10000">
      <UniqueIdentifier>{b39d1388-b717-46db-9d34-fde7723020f7}</UniqueIdentifier>
    </Filter>
    <Filter Include="소스 파일\10000-11000">
      <UniqueIdentifier>{8d6ae655-4446-4994-b07d-fda60d503765}</UniqueIdentifier>
    </Filter>
    <Filter Include="소스 파일\05000-06000">
      <UniqueIdentifier>{f02a7279-a69b-4a8e-83fc-39979ddbab00}</UniqueIdentifier>
    </Filter>
    <Filter Include="소스 파일\03000-04000">
      <UniqueIdentifier>{ca7f2e7a-55be-407d-826e-946e4241d7ad}</UniqueIdentifier>
    </Filter>
    <Filter Include="소스 파일\07000-08000">
      <UniqueIdentifier>{cf3d05fd-44aa-4c88-b102-df31e7dbc5ff}</UniqueIdentifier>
    </Filter>
  </ItemGroup>
  <ItemGroup>
    <ClCompile Include="11000-12000\11728.c">
      <Filter>소스 파일\11000-12000</Filter>
    </ClCompile>
    <ClCompile Include="02000-03000\02512.c">
      <Filter>소스 파일\02000-03000</Filter>
    </ClCompile>
    <ClCompile Include="11000-12000\11726.c">
      <Filter>소스 파일\11000-12000</Filter>
    </ClCompile>
    <ClCompile Include="11000-12000\11727.c">
      <Filter>소스 파일\11000-12000</Filter>
    </ClCompile>
    <ClCompile Include="09000-10000\09095.c">
      <Filter>소스 파일\09000-10000</Filter>
    </ClCompile>
    <ClCompile Include="11000-12000\11052.c">
      <Filter>소스 파일\11000-12000</Filter>
    </ClCompile>
    <ClCompile Include="10000-11000\10844.c">
      <Filter>소스 파일\10000-11000</Filter>
    </ClCompile>
    <ClCompile Include="11000-12000\11057.c">
      <Filter>소스 파일\11000-12000</Filter>
    </ClCompile>
    <ClCompile Include="02000-03000\02193.c">
      <Filter>소스 파일\02000-03000</Filter>
    </ClCompile>
    <ClCompile Include="09000-10000\09465.c">
      <Filter>소스 파일\09000-10000</Filter>
    </ClCompile>
    <ClCompile Include="02000-03000\02156.c">
      <Filter>소스 파일\02000-03000</Filter>
    </ClCompile>
    <ClCompile Include="02000-03000\02667.c">
      <Filter>소스 파일\02000-03000</Filter>
    </ClCompile>
    <ClCompile Include="01000-02000\01110.c">
      <Filter>소스 파일\01000-02000</Filter>
    </ClCompile>
    <ClCompile Include="01000-02000\01026.c">
      <Filter>소스 파일\01000-02000</Filter>
    </ClCompile>
    <ClCompile Include="02000-03000\01085.c">
      <Filter>소스 파일\01000-02000</Filter>
    </ClCompile>
    <ClCompile Include="05000-06000\05338.c">
      <Filter>소스 파일\05000-06000</Filter>
    </ClCompile>
    <ClCompile Include="01000-02000\01009.c">
      <Filter>소스 파일\01000-02000</Filter>
    </ClCompile>
    <ClCompile Include="01000-02000\01100.c">
      <Filter>소스 파일\01000-02000</Filter>
    </ClCompile>
    <ClCompile Include="02000-03000\02475.c">
      <Filter>소스 파일\02000-03000</Filter>
    </ClCompile>
    <ClCompile Include="02000-03000\02609.c">
      <Filter>소스 파일\02000-03000</Filter>
    </ClCompile>
    <ClCompile Include="02000-03000\02445.c">
      <Filter>소스 파일\02000-03000</Filter>
    </ClCompile>
    <ClCompile Include="01000-02000\01149.c">
      <Filter>소스 파일\01000-02000</Filter>
    </ClCompile>
    <ClCompile Include="01000-02000\01934.c">
      <Filter>소스 파일\01000-02000</Filter>
    </ClCompile>
    <ClCompile Include="01000-02000\01010.c">
      <Filter>소스 파일\01000-02000</Filter>
    </ClCompile>
    <ClCompile Include="01000-02000\01463.c">
      <Filter>소스 파일\01000-02000</Filter>
    </ClCompile>
    <ClCompile Include="11000-12000\11053.c">
      <Filter>소스 파일\11000-12000</Filter>
    </ClCompile>
    <ClCompile Include="02000-03000\02753.c">
      <Filter>소스 파일\02000-03000</Filter>
    </ClCompile>
    <ClCompile Include="02000-03000\02455.c">
      <Filter>소스 파일\02000-03000</Filter>
    </ClCompile>
    <ClCompile Include="02000-03000\02525.c">
      <Filter>소스 파일\02000-03000</Filter>
    </ClCompile>
    <ClCompile Include="02000-03000\02747.c">
      <Filter>소스 파일\02000-03000</Filter>
    </ClCompile>
    <ClCompile Include="02000-03000\02010.c">
      <Filter>소스 파일\02000-03000</Filter>
    </ClCompile>
    <ClCompile Include="01000-02000\01032.c">
      <Filter>소스 파일\01000-02000</Filter>
    </ClCompile>
    <ClCompile Include="02000-03000\02562.c">
      <Filter>소스 파일\02000-03000</Filter>
    </ClCompile>
    <ClCompile Include="main.c">
      <Filter>소스 파일</Filter>
    </ClCompile>
    <ClCompile Include="03000-04000\03046.c">
      <Filter>소스 파일\03000-04000</Filter>
    </ClCompile>
    <ClCompile Include="02000-03000\02588.c">
      <Filter>소스 파일\02000-03000</Filter>
    </ClCompile>
    <ClCompile Include="02000-03000\02309.c">
      <Filter>소스 파일\02000-03000</Filter>
    </ClCompile>
    <ClCompile Include="10000-11000\10039.c">
      <Filter>소스 파일\10000-11000</Filter>
    </ClCompile>
    <ClCompile Include="02000-03000\02167.c">
      <Filter>소스 파일\02000-03000</Filter>
    </ClCompile>
    <ClCompile Include="10000-11000\10950.c">
      <Filter>소스 파일\10000-11000</Filter>
    </ClCompile>
    <ClCompile Include="02000-03000\02163.c">
      <Filter>소스 파일\02000-03000</Filter>
    </ClCompile>
    <ClCompile Include="02000-03000\02163.c">
      <Filter>소스 파일\02000-03000</Filter>
    </ClCompile>
    <ClCompile Include="09000-10000\09653.c">
      <Filter>소스 파일\09000-10000</Filter>
    </ClCompile>
    <ClCompile Include="01000-02000\01978.c">
      <Filter>소스 파일\01000-02000</Filter>
    </ClCompile>
    <ClCompile Include="05000-06000\05337.c">
      <Filter>소스 파일\05000-06000</Filter>
    </ClCompile>
    <ClCompile Include="02000-03000\02743.c">
      <Filter>소스 파일\02000-03000</Filter>
    </ClCompile>
    <ClCompile Include="01000-02000\01550.c">
      <Filter>소스 파일\01000-02000</Filter>
    </ClCompile>
    <ClCompile Include="02000-03000\02178.c">
      <Filter>소스 파일\02000-03000</Filter>
    </ClCompile>
    <ClCompile Include="02000-03000\02522.c">
      <Filter>소스 파일\02000-03000</Filter>
    </ClCompile>
    <ClCompile Include="02000-03000\02953.c">
      <Filter>소스 파일\02000-03000</Filter>
    </ClCompile>
    <ClCompile Include="02000-03000\02446.c">
      <Filter>소스 파일\02000-03000</Filter>
    </ClCompile>
    <ClCompile Include="02000-03000\02750.c">
      <Filter>소스 파일\02000-03000</Filter>
    </ClCompile>
    <ClCompile Include="01000-02000\01292.c">
      <Filter>소스 파일\01000-02000</Filter>
    </ClCompile>
    <ClCompile Include="07000-08000\07567.c">
      <Filter>소스 파일\07000-08000</Filter>
    </ClCompile>
    <ClCompile Include="02000-03000\02490.c">
      <Filter>소스 파일\02000-03000</Filter>
    </ClCompile>
    <ClCompile Include="02000-03000\02577.c">
      <Filter>소스 파일\02000-03000</Filter>
    </ClCompile>
    <ClCompile Include="09000-10000\09085.c">
      <Filter>소스 파일\09000-10000</Filter>
    </ClCompile>
    <ClCompile Include="05000-06000\05339.c">
      <Filter>소스 파일\05000-06000</Filter>
    </ClCompile>
    <ClCompile Include="02000-03000\02460.c">
      <Filter>소스 파일\02000-03000</Filter>
    </ClCompile>
    <ClCompile Include="05000-06000\05565.c">
      <Filter>소스 파일\05000-06000</Filter>
    </ClCompile>
    <ClCompile Include="05000-06000\05543.c">
      <Filter>소스 파일\05000-06000</Filter>
    </ClCompile>
    <ClCompile Include="02000-03000\02579.c">
      <Filter>소스 파일\02000-03000</Filter>
    </ClCompile>
    <ClCompile Include="01000-02000\01012.c">
      <Filter>소스 파일\01000-02000</Filter>
    </ClCompile>
    <ClCompile Include="01000-02000\01932.c">
      <Filter>소스 파일\01000-02000</Filter>
    </ClCompile>
  </ItemGroup>
</Project>